# This file was autogenerated by Stack.
# You should not edit this file by hand.
# For more information, please see the documentation at:
#   https://docs.haskellstack.org/en/stable/lock_files

packages:
- completed:
    hackage: codeworld-api-0.6.0@sha256:24b46a4867bec0f3d880be6e9bd5983c9c9941016c8245fd034eb8826878c5f4,6234
    pantry-tree:
      size: 5489
      sha256: d794af22613706ddefdba69d10904495fccebaea02dfe8f4e7ddab6d412ede01
  original:
    hackage: codeworld-api-0.6.0
- completed:
    hackage: blank-canvas-0.6.3@sha256:9c089fd7796e07e428f3490b3812c92fec8d3b615b12c80db7f282b5d6eeec95,7669
    pantry-tree:
      size: 5101
      sha256: a38712dafe44d071d27ea14fda89811f0252ac2bc5c55829f0e874de126bce2d
  original:
    hackage: blank-canvas-0.6.3
- completed:
    hackage: ref-tf-0.4.0.2@sha256:69de3550250e0cd69f45d080359cb314a9487c915024349c75b78732bbee9332,1134
    pantry-tree:
      size: 211
      sha256: fc5a4a35b4c782a33f452c1dc66ffa8ddbf321e2db369bd8823c796f0d4d8c7f
  original:
    hackage: ref-tf-0.4.0.2
- completed:
    hackage: reflex-0.6.4.1@sha256:43e64b9fe2dd471007173aa1c4e02effcae3cafeb3ea972edf1ea65476cf321d,11192
    pantry-tree:
      size: 4461
      sha256: a6ec3e337a799d5981d9ae38f2c7418ac9daba22c3e49f5b9f5b8a908c9ed84e
  original:
    hackage: reflex-0.6.4.1
- completed:
    hackage: witherable-0.3.1@sha256:ed3d5bc9eb1c08fa9704d9e143cdf622e1bd80b847cd5ede8c07da7bc7981ab9,1313
    pantry-tree:
      size: 271
      sha256: 7077f6c0e9e973af2c7f4429bcc3af6d345c19554c1335733faccec35d4c1708
  original:
    hackage: witherable-0.3.1
- completed:
    hackage: constraints-extras-0.3.0.2@sha256:013b8d0392582c6ca068e226718a4fe8be8e22321cc0634f6115505bf377ad26,1853
    pantry-tree:
      size: 594
      sha256: 3ce1012bfb02e4d7def9df19ce80b8cd2b472c691b25b181d9960638673fecd1
  original:
    hackage: constraints-extras-0.3.0.2
- completed:
    hackage: dependent-map-0.3@sha256:dc745864d5116bbd59ad29100faec74c79e681d35808547023619544c0e9f9b7,1574
    pantry-tree:
      size: 551
      sha256: 33ba69f91b54e7d64953b236d1de4ac31477b5b164f2990bfce308914006eac3
  original:
    hackage: dependent-map-0.3
- completed:
    hackage: kansas-comet-0.4@sha256:72330f1953abed85fc306ace742d975296a3b3a806c9db90dc793161b60c2846,1737
    pantry-tree:
      size: 383
      sha256: b93fb744a9979ae6e8638a02711f9222cfd1d0d7d8559a188ba8d87f80ec9313
  original:
    hackage: kansas-comet-0.4
- completed:
    hackage: monoidal-containers-0.6.0.1@sha256:83d67afa030925aa4d2c6a14b5b65c530fab0ae5fdc84faa2099910cadf34f19,2583
    pantry-tree:
      size: 569
      sha256: 8c6c5c36f05c6831511141910219fc29ab0d71187f9cafc15bdcc28c998ff591
  original:
    hackage: monoidal-containers-0.6.0.1
- completed:
    hackage: patch-0.0.3.1@sha256:f14acf2eea8c83be57398106cec549c476577a947a7f856e6aa71dc561d58ca9,2308
    pantry-tree:
      size: 977
      sha256: d959d6d59fa8b46876c0eaa4f2736017b3e2d4dbbc5ee6a6bdd7635c7d4c1510
  original:
    hackage: patch-0.0.3.1
- completed:
    hackage: dependent-sum-0.6.1@sha256:cb1fadb248e5855a84b515c0fd25415533dfcc3d24036a5e8413fc2ec2cf1e43,1854
    pantry-tree:
      size: 474
      sha256: b4129193eae67f92b66ea35d76d36c83eaa879600c40862116bdb682786d393a
  original:
    hackage: dependent-sum-0.6.1
- completed:
    hackage: colour-2.3.4@sha256:9a8a9036652da142fb804571ffca7764addf570661c1b5ecfdef9379875d90ab,1827
    pantry-tree:
      size: 1183
      sha256: 344bb246a2b5335054e242420c4f2dedb597baa70de2bed7d89080c7e7462938
  original:
    hackage: colour-2.3.4
snapshots:
- completed:
    size: 524996
    url: https://raw.githubusercontent.com/commercialhaskell/stackage-snapshots/master/lts/14/27.yaml
    sha256: 7ea31a280c56bf36ff591a7397cc384d0dff622e7f9e4225b47d8980f019a0f0
  original: lts-14.27
